
Microsoft Visual Studio Solution File, Format Version 12.00
# Visual Studio 14
VisualStudioVersion = 14.0.25420.1
MinimumVisualStudioVersion = 10.0.40219.1
Project("{2150E333-8FDC-42A3-9474-1A3956D46DE8}") = "Common", "Common", "{48FDE12C-8A21-487C-A48E-09C131828D2B}"
EndProject
Project("{2150E333-8FDC-42A3-9474-1A3956D46DE8}") = "IdentityAccessContext", "IdentityAccessContext", "{A6D172B4-E35F-4D00-9561-939C7612A3C8}"
EndProject
Project("{2150E333-8FDC-42A3-9474-1A3956D46DE8}") = "InfoResourceContext", "InfoResourceContext", "{3E6C9A6E-6711-4E4E-B8E6-F1CAC1E96320}"
EndProject
Project("{2150E333-8FDC-42A3-9474-1A3956D46DE8}") = "CoreContext", "CoreContext", "{034F5685-69A9-4990-BE9F-ACA9D209B7B4}"
EndProject
Project("{2150E333-8FDC-42A3-9474-1A3956D46DE8}") = "AutoDocumentContext", "AutoDocumentContext", "{10EFBCCB-7FD1-469D-8C0D-72ABCC33A7CD}"
EndProject
Project("{2150E333-8FDC-42A3-9474-1A3956D46DE8}") = "SolutionItems", "SolutionItems", "{ABEDF117-FB1A-4127-AE95-1D6A3D932FDC}"
	ProjectSection(SolutionItems) = preProject
		SharedAssemblyInfo.cs = SharedAssemblyInfo.cs
	EndProjectSection
EndProject
Project("{FAE04EC0-301F-11D3-BF4B-00C04F79EFBC}") = "Common", "Common\Common.csproj", "{82115346-C759-4DA2-A4BA-5BE4387C0FA8}"
EndProject
Project("{FAE04EC0-301F-11D3-BF4B-00C04F79EFBC}") = "IdentityAccess", "IdentityAccess\IdentityAccess.csproj", "{C1C0A0F3-DDC1-4D36-B4B9-68165331B8A2}"
EndProject
Project("{FAE04EC0-301F-11D3-BF4B-00C04F79EFBC}") = "InfoResource", "InfoResource\InfoResource.csproj", "{5859B12D-8763-44FB-B642-7DBF5E1A4744}"
	ProjectSection(ProjectDependencies) = postProject
		{82115346-C759-4DA2-A4BA-5BE4387C0FA8} = {82115346-C759-4DA2-A4BA-5BE4387C0FA8}
	EndProjectSection
EndProject
Project("{FAE04EC0-301F-11D3-BF4B-00C04F79EFBC}") = "Core", "ClientInfo\Core.csproj", "{7E81668D-0FF7-44E2-B73C-AD23B400E30A}"
	ProjectSection(ProjectDependencies) = postProject
		{82115346-C759-4DA2-A4BA-5BE4387C0FA8} = {82115346-C759-4DA2-A4BA-5BE4387C0FA8}
	EndProjectSection
EndProject
Project("{FAE04EC0-301F-11D3-BF4B-00C04F79EFBC}") = "PaaApi", "PaaApi\PaaApi.csproj", "{26CF6F0F-E272-4991-954C-94725919628D}"
	ProjectSection(ProjectDependencies) = postProject
		{6554F8DD-63AC-4973-91AE-4D87F2C8BE02} = {6554F8DD-63AC-4973-91AE-4D87F2C8BE02}
	EndProjectSection
EndProject
Project("{FAE04EC0-301F-11D3-BF4B-00C04F79EFBC}") = "DataMigrationApp", "DataMigrationApp\DataMigrationApp.csproj", "{3E746D51-C5BA-4202-982B-ABC1EE819CA1}"
EndProject
Project("{FAE04EC0-301F-11D3-BF4B-00C04F79EFBC}") = "PaaApplication", "PaaApplication\PaaApplication.csproj", "{1AD2E49A-E687-4BB8-979D-8B3EAB897FC8}"
	ProjectSection(ProjectDependencies) = postProject
		{26CF6F0F-E272-4991-954C-94725919628D} = {26CF6F0F-E272-4991-954C-94725919628D}
		{07462B1F-78F3-45BF-A82C-FB19A7B9AABA} = {07462B1F-78F3-45BF-A82C-FB19A7B9AABA}
		{6554F8DD-63AC-4973-91AE-4D87F2C8BE02} = {6554F8DD-63AC-4973-91AE-4D87F2C8BE02}
	EndProjectSection
EndProject
Project("{FAE04EC0-301F-11D3-BF4B-00C04F79EFBC}") = "AutoDocument", "AutoDocument\AutoDocument.csproj", "{6554F8DD-63AC-4973-91AE-4D87F2C8BE02}"
	ProjectSection(ProjectDependencies) = postProject
		{82115346-C759-4DA2-A4BA-5BE4387C0FA8} = {82115346-C759-4DA2-A4BA-5BE4387C0FA8}
	EndProjectSection
EndProject
Project("{2150E333-8FDC-42A3-9474-1A3956D46DE8}") = "AdministrationContext", "AdministrationContext", "{2F64B2D5-9013-484A-84CE-1DCA4A607665}"
EndProject
Project("{FAE04EC0-301F-11D3-BF4B-00C04F79EFBC}") = "Administration", "Administration\Administration.csproj", "{07462B1F-78F3-45BF-A82C-FB19A7B9AABA}"
	ProjectSection(ProjectDependencies) = postProject
		{82115346-C759-4DA2-A4BA-5BE4387C0FA8} = {82115346-C759-4DA2-A4BA-5BE4387C0FA8}
	EndProjectSection
EndProject
Project("{2150E333-8FDC-42A3-9474-1A3956D46DE8}") = "InvoiceContext", "InvoiceContext", "{7DD215C7-ECDA-40E9-8DFE-6AAA4C0E2F81}"
EndProject
Project("{FAE04EC0-301F-11D3-BF4B-00C04F79EFBC}") = "Invoice", "Invoice\Invoice.csproj", "{88E2A6B3-94EF-4D00-BEE7-FF006789777A}"
EndProject
Project("{2150E333-8FDC-42A3-9474-1A3956D46DE8}") = "TimeCardContext", "TimeCardContext", "{19561D7B-20E1-400E-A7C7-1DC7A3D386BD}"
	ProjectSection(ProjectDependencies) = postProject
		{82115346-C759-4DA2-A4BA-5BE4387C0FA8} = {82115346-C759-4DA2-A4BA-5BE4387C0FA8}
		{7E81668D-0FF7-44E2-B73C-AD23B400E30A} = {7E81668D-0FF7-44E2-B73C-AD23B400E30A}
	EndProjectSection
EndProject
Project("{FAE04EC0-301F-11D3-BF4B-00C04F79EFBC}") = "TimeCard", "TimeCard\TimeCard.csproj", "{A991566E-53A1-4768-B057-42F58088A800}"
	ProjectSection(ProjectDependencies) = postProject
		{82115346-C759-4DA2-A4BA-5BE4387C0FA8} = {82115346-C759-4DA2-A4BA-5BE4387C0FA8}
	EndProjectSection
EndProject
Project("{2150E333-8FDC-42A3-9474-1A3956D46DE8}") = "ZipCodeContext", "ZipCodeContext", "{FB807CAE-FA89-4680-973D-3A3FD63DCDCD}"
EndProject
Project("{FAE04EC0-301F-11D3-BF4B-00C04F79EFBC}") = "ZipCode", "ZipCode\ZipCode.csproj", "{691205CF-9BAD-4FB2-ACE4-0304C170CAB7}"
EndProject
Project("{2150E333-8FDC-42A3-9474-1A3956D46DE8}") = "SystemConfigurationContext", "SystemConfigurationContext", "{BA2895C9-F6A1-4362-9AB9-3C09F83CC919}"
EndProject
Project("{FAE04EC0-301F-11D3-BF4B-00C04F79EFBC}") = "SystemConfiguration", "SystemConfiguration\SystemConfiguration.csproj", "{6C0E0299-C808-4EFB-98F3-8E56EAF597FB}"
EndProject
Project("{2150E333-8FDC-42A3-9474-1A3956D46DE8}") = "CreditReportContext", "CreditReportContext", "{A530993F-9997-4B32-B31E-0C13DC91E059}"
EndProject
Project("{FAE04EC0-301F-11D3-BF4B-00C04F79EFBC}") = "CreditReport", "CreditReport\CreditReport.csproj", "{777C43BB-8125-4542-8F1D-C94CC2F88BA2}"
	ProjectSection(ProjectDependencies) = postProject
		{57D36E42-E989-4658-B005-1CFCF01738F2} = {57D36E42-E989-4658-B005-1CFCF01738F2}
	EndProjectSection
EndProject
Project("{FAE04EC0-301F-11D3-BF4B-00C04F79EFBC}") = "MicrobiltPortAdapter", "MicrobiltPortAdapter\MicrobiltPortAdapter.csproj", "{57D36E42-E989-4658-B005-1CFCF01738F2}"
	ProjectSection(ProjectDependencies) = postProject
		{82115346-C759-4DA2-A4BA-5BE4387C0FA8} = {82115346-C759-4DA2-A4BA-5BE4387C0FA8}
	EndProjectSection
EndProject
Global
	GlobalSection(SolutionConfigurationPlatforms) = preSolution
		Debug|Any CPU = Debug|Any CPU
		Debug|Mixed Platforms = Debug|Mixed Platforms
		Debug|x64 = Debug|x64
		Debug|x86 = Debug|x86
		Development|Any CPU = Development|Any CPU
		Development|Mixed Platforms = Development|Mixed Platforms
		Development|x64 = Development|x64
		Development|x86 = Development|x86
		Production|Any CPU = Production|Any CPU
		Production|Mixed Platforms = Production|Mixed Platforms
		Production|x64 = Production|x64
		Production|x86 = Production|x86
		Release|Any CPU = Release|Any CPU
		Release|Mixed Platforms = Release|Mixed Platforms
		Release|x64 = Release|x64
		Release|x86 = Release|x86
		Staging|Any CPU = Staging|Any CPU
		Staging|Mixed Platforms = Staging|Mixed Platforms
		Staging|x64 = Staging|x64
		Staging|x86 = Staging|x86
	EndGlobalSection
	GlobalSection(ProjectConfigurationPlatforms) = postSolution
		{82115346-C759-4DA2-A4BA-5BE4387C0FA8}.Debug|Any CPU.ActiveCfg = Debug|Any CPU
		{82115346-C759-4DA2-A4BA-5BE4387C0FA8}.Debug|Any CPU.Build.0 = Debug|Any CPU
		{82115346-C759-4DA2-A4BA-5BE4387C0FA8}.Debug|Mixed Platforms.ActiveCfg = Debug|x86
		{82115346-C759-4DA2-A4BA-5BE4387C0FA8}.Debug|Mixed Platforms.Build.0 = Debug|x86
		{82115346-C759-4DA2-A4BA-5BE4387C0FA8}.Debug|x64.ActiveCfg = Debug|Any CPU
		{82115346-C759-4DA2-A4BA-5BE4387C0FA8}.Debug|x64.Build.0 = Debug|Any CPU
		{82115346-C759-4DA2-A4BA-5BE4387C0FA8}.Debug|x86.ActiveCfg = Debug|x86
		{82115346-C759-4DA2-A4BA-5BE4387C0FA8}.Debug|x86.Build.0 = Debug|x86
		{82115346-C759-4DA2-A4BA-5BE4387C0FA8}.Development|Any CPU.ActiveCfg = Development|Any CPU
		{82115346-C759-4DA2-A4BA-5BE4387C0FA8}.Development|Any CPU.Build.0 = Development|Any CPU
		{82115346-C759-4DA2-A4BA-5BE4387C0FA8}.Development|Mixed Platforms.ActiveCfg = Development|x86
		{82115346-C759-4DA2-A4BA-5BE4387C0FA8}.Development|Mixed Platforms.Build.0 = Development|x86
		{82115346-C759-4DA2-A4BA-5BE4387C0FA8}.Development|x64.ActiveCfg = Development|Any CPU
		{82115346-C759-4DA2-A4BA-5BE4387C0FA8}.Development|x64.Build.0 = Development|Any CPU
		{82115346-C759-4DA2-A4BA-5BE4387C0FA8}.Development|x86.ActiveCfg = Development|x86
		{82115346-C759-4DA2-A4BA-5BE4387C0FA8}.Development|x86.Build.0 = Development|x86
		{82115346-C759-4DA2-A4BA-5BE4387C0FA8}.Production|Any CPU.ActiveCfg = Production|Any CPU
		{82115346-C759-4DA2-A4BA-5BE4387C0FA8}.Production|Any CPU.Build.0 = Production|Any CPU
		{82115346-C759-4DA2-A4BA-5BE4387C0FA8}.Production|Mixed Platforms.ActiveCfg = Production|Any CPU
		{82115346-C759-4DA2-A4BA-5BE4387C0FA8}.Production|Mixed Platforms.Build.0 = Production|Any CPU
		{82115346-C759-4DA2-A4BA-5BE4387C0FA8}.Production|x64.ActiveCfg = Production|Any CPU
		{82115346-C759-4DA2-A4BA-5BE4387C0FA8}.Production|x64.Build.0 = Production|Any CPU
		{82115346-C759-4DA2-A4BA-5BE4387C0FA8}.Production|x86.ActiveCfg = Production|x86
		{82115346-C759-4DA2-A4BA-5BE4387C0FA8}.Production|x86.Build.0 = Production|x86
		{82115346-C759-4DA2-A4BA-5BE4387C0FA8}.Release|Any CPU.ActiveCfg = Release|Any CPU
		{82115346-C759-4DA2-A4BA-5BE4387C0FA8}.Release|Any CPU.Build.0 = Release|Any CPU
		{82115346-C759-4DA2-A4BA-5BE4387C0FA8}.Release|Mixed Platforms.ActiveCfg = Release|x86
		{82115346-C759-4DA2-A4BA-5BE4387C0FA8}.Release|Mixed Platforms.Build.0 = Release|x86
		{82115346-C759-4DA2-A4BA-5BE4387C0FA8}.Release|x64.ActiveCfg = Release|Any CPU
		{82115346-C759-4DA2-A4BA-5BE4387C0FA8}.Release|x64.Build.0 = Release|Any CPU
		{82115346-C759-4DA2-A4BA-5BE4387C0FA8}.Release|x86.ActiveCfg = Release|x86
		{82115346-C759-4DA2-A4BA-5BE4387C0FA8}.Release|x86.Build.0 = Release|x86
		{82115346-C759-4DA2-A4BA-5BE4387C0FA8}.Staging|Any CPU.ActiveCfg = Staging|Any CPU
		{82115346-C759-4DA2-A4BA-5BE4387C0FA8}.Staging|Any CPU.Build.0 = Staging|Any CPU
		{82115346-C759-4DA2-A4BA-5BE4387C0FA8}.Staging|Mixed Platforms.ActiveCfg = Staging|Any CPU
		{82115346-C759-4DA2-A4BA-5BE4387C0FA8}.Staging|Mixed Platforms.Build.0 = Staging|Any CPU
		{82115346-C759-4DA2-A4BA-5BE4387C0FA8}.Staging|x64.ActiveCfg = Staging|Any CPU
		{82115346-C759-4DA2-A4BA-5BE4387C0FA8}.Staging|x86.ActiveCfg = Staging|x86
		{82115346-C759-4DA2-A4BA-5BE4387C0FA8}.Staging|x86.Build.0 = Staging|x86
		{C1C0A0F3-DDC1-4D36-B4B9-68165331B8A2}.Debug|Any CPU.ActiveCfg = Debug|Any CPU
		{C1C0A0F3-DDC1-4D36-B4B9-68165331B8A2}.Debug|Any CPU.Build.0 = Debug|Any CPU
		{C1C0A0F3-DDC1-4D36-B4B9-68165331B8A2}.Debug|Mixed Platforms.ActiveCfg = Debug|x86
		{C1C0A0F3-DDC1-4D36-B4B9-68165331B8A2}.Debug|Mixed Platforms.Build.0 = Debug|x86
		{C1C0A0F3-DDC1-4D36-B4B9-68165331B8A2}.Debug|x64.ActiveCfg = Debug|Any CPU
		{C1C0A0F3-DDC1-4D36-B4B9-68165331B8A2}.Debug|x64.Build.0 = Debug|Any CPU
		{C1C0A0F3-DDC1-4D36-B4B9-68165331B8A2}.Debug|x86.ActiveCfg = Debug|x86
		{C1C0A0F3-DDC1-4D36-B4B9-68165331B8A2}.Debug|x86.Build.0 = Debug|x86
		{C1C0A0F3-DDC1-4D36-B4B9-68165331B8A2}.Development|Any CPU.ActiveCfg = Development|Any CPU
		{C1C0A0F3-DDC1-4D36-B4B9-68165331B8A2}.Development|Any CPU.Build.0 = Development|Any CPU
		{C1C0A0F3-DDC1-4D36-B4B9-68165331B8A2}.Development|Mixed Platforms.ActiveCfg = Debug|x86
		{C1C0A0F3-DDC1-4D36-B4B9-68165331B8A2}.Development|Mixed Platforms.Build.0 = Debug|x86
		{C1C0A0F3-DDC1-4D36-B4B9-68165331B8A2}.Development|x64.ActiveCfg = Development|Any CPU
		{C1C0A0F3-DDC1-4D36-B4B9-68165331B8A2}.Development|x64.Build.0 = Development|Any CPU
		{C1C0A0F3-DDC1-4D36-B4B9-68165331B8A2}.Development|x86.ActiveCfg = Development|x86
		{C1C0A0F3-DDC1-4D36-B4B9-68165331B8A2}.Development|x86.Build.0 = Development|x86
		{C1C0A0F3-DDC1-4D36-B4B9-68165331B8A2}.Production|Any CPU.ActiveCfg = Production|Any CPU
		{C1C0A0F3-DDC1-4D36-B4B9-68165331B8A2}.Production|Any CPU.Build.0 = Production|Any CPU
		{C1C0A0F3-DDC1-4D36-B4B9-68165331B8A2}.Production|Mixed Platforms.ActiveCfg = Production|Any CPU
		{C1C0A0F3-DDC1-4D36-B4B9-68165331B8A2}.Production|Mixed Platforms.Build.0 = Production|Any CPU
		{C1C0A0F3-DDC1-4D36-B4B9-68165331B8A2}.Production|x64.ActiveCfg = Production|Any CPU
		{C1C0A0F3-DDC1-4D36-B4B9-68165331B8A2}.Production|x64.Build.0 = Production|Any CPU
		{C1C0A0F3-DDC1-4D36-B4B9-68165331B8A2}.Production|x86.ActiveCfg = Production|x86
		{C1C0A0F3-DDC1-4D36-B4B9-68165331B8A2}.Production|x86.Build.0 = Production|x86
		{C1C0A0F3-DDC1-4D36-B4B9-68165331B8A2}.Release|Any CPU.ActiveCfg = Release|Any CPU
		{C1C0A0F3-DDC1-4D36-B4B9-68165331B8A2}.Release|Any CPU.Build.0 = Release|Any CPU
		{C1C0A0F3-DDC1-4D36-B4B9-68165331B8A2}.Release|Mixed Platforms.ActiveCfg = Release|x86
		{C1C0A0F3-DDC1-4D36-B4B9-68165331B8A2}.Release|Mixed Platforms.Build.0 = Release|x86
		{C1C0A0F3-DDC1-4D36-B4B9-68165331B8A2}.Release|x64.ActiveCfg = Release|Any CPU
		{C1C0A0F3-DDC1-4D36-B4B9-68165331B8A2}.Release|x64.Build.0 = Release|Any CPU
		{C1C0A0F3-DDC1-4D36-B4B9-68165331B8A2}.Release|x86.ActiveCfg = Release|x86
		{C1C0A0F3-DDC1-4D36-B4B9-68165331B8A2}.Release|x86.Build.0 = Release|x86
		{C1C0A0F3-DDC1-4D36-B4B9-68165331B8A2}.Staging|Any CPU.ActiveCfg = Staging|Any CPU
		{C1C0A0F3-DDC1-4D36-B4B9-68165331B8A2}.Staging|Any CPU.Build.0 = Staging|Any CPU
		{C1C0A0F3-DDC1-4D36-B4B9-68165331B8A2}.Staging|Mixed Platforms.ActiveCfg = Staging|Any CPU
		{C1C0A0F3-DDC1-4D36-B4B9-68165331B8A2}.Staging|Mixed Platforms.Build.0 = Staging|Any CPU
		{C1C0A0F3-DDC1-4D36-B4B9-68165331B8A2}.Staging|x64.ActiveCfg = Staging|Any CPU
		{C1C0A0F3-DDC1-4D36-B4B9-68165331B8A2}.Staging|x86.ActiveCfg = Staging|x86
		{C1C0A0F3-DDC1-4D36-B4B9-68165331B8A2}.Staging|x86.Build.0 = Staging|x86
		{5859B12D-8763-44FB-B642-7DBF5E1A4744}.Debug|Any CPU.ActiveCfg = Debug|Any CPU
		{5859B12D-8763-44FB-B642-7DBF5E1A4744}.Debug|Any CPU.Build.0 = Debug|Any CPU
		{5859B12D-8763-44FB-B642-7DBF5E1A4744}.Debug|Mixed Platforms.ActiveCfg = Debug|x86
		{5859B12D-8763-44FB-B642-7DBF5E1A4744}.Debug|Mixed Platforms.Build.0 = Debug|x86
		{5859B12D-8763-44FB-B642-7DBF5E1A4744}.Debug|x64.ActiveCfg = Debug|Any CPU
		{5859B12D-8763-44FB-B642-7DBF5E1A4744}.Debug|x64.Build.0 = Debug|Any CPU
		{5859B12D-8763-44FB-B642-7DBF5E1A4744}.Debug|x86.ActiveCfg = Debug|x86
		{5859B12D-8763-44FB-B642-7DBF5E1A4744}.Debug|x86.Build.0 = Debug|x86
		{5859B12D-8763-44FB-B642-7DBF5E1A4744}.Development|Any CPU.ActiveCfg = Development|Any CPU
		{5859B12D-8763-44FB-B642-7DBF5E1A4744}.Development|Any CPU.Build.0 = Development|Any CPU
		{5859B12D-8763-44FB-B642-7DBF5E1A4744}.Development|Mixed Platforms.ActiveCfg = Development|x86
		{5859B12D-8763-44FB-B642-7DBF5E1A4744}.Development|Mixed Platforms.Build.0 = Development|x86
		{5859B12D-8763-44FB-B642-7DBF5E1A4744}.Development|x64.ActiveCfg = Development|Any CPU
		{5859B12D-8763-44FB-B642-7DBF5E1A4744}.Development|x64.Build.0 = Development|Any CPU
		{5859B12D-8763-44FB-B642-7DBF5E1A4744}.Development|x86.ActiveCfg = Development|x86
		{5859B12D-8763-44FB-B642-7DBF5E1A4744}.Development|x86.Build.0 = Development|x86
		{5859B12D-8763-44FB-B642-7DBF5E1A4744}.Production|Any CPU.ActiveCfg = Production|Any CPU
		{5859B12D-8763-44FB-B642-7DBF5E1A4744}.Production|Any CPU.Build.0 = Production|Any CPU
		{5859B12D-8763-44FB-B642-7DBF5E1A4744}.Production|Mixed Platforms.ActiveCfg = Production|Any CPU
		{5859B12D-8763-44FB-B642-7DBF5E1A4744}.Production|Mixed Platforms.Build.0 = Production|Any CPU
		{5859B12D-8763-44FB-B642-7DBF5E1A4744}.Production|x64.ActiveCfg = Production|Any CPU
		{5859B12D-8763-44FB-B642-7DBF5E1A4744}.Production|x64.Build.0 = Production|Any CPU
		{5859B12D-8763-44FB-B642-7DBF5E1A4744}.Production|x86.ActiveCfg = Production|x86
		{5859B12D-8763-44FB-B642-7DBF5E1A4744}.Production|x86.Build.0 = Production|x86
		{5859B12D-8763-44FB-B642-7DBF5E1A4744}.Release|Any CPU.ActiveCfg = Release|Any CPU
		{5859B12D-8763-44FB-B642-7DBF5E1A4744}.Release|Any CPU.Build.0 = Release|Any CPU
		{5859B12D-8763-44FB-B642-7DBF5E1A4744}.Release|Mixed Platforms.ActiveCfg = Release|x86
		{5859B12D-8763-44FB-B642-7DBF5E1A4744}.Release|Mixed Platforms.Build.0 = Release|x86
		{5859B12D-8763-44FB-B642-7DBF5E1A4744}.Release|x64.ActiveCfg = Release|Any CPU
		{5859B12D-8763-44FB-B642-7DBF5E1A4744}.Release|x64.Build.0 = Release|Any CPU
		{5859B12D-8763-44FB-B642-7DBF5E1A4744}.Release|x86.ActiveCfg = Release|x86
		{5859B12D-8763-44FB-B642-7DBF5E1A4744}.Release|x86.Build.0 = Release|x86
		{5859B12D-8763-44FB-B642-7DBF5E1A4744}.Staging|Any CPU.ActiveCfg = Staging|Any CPU
		{5859B12D-8763-44FB-B642-7DBF5E1A4744}.Staging|Any CPU.Build.0 = Staging|Any CPU
		{5859B12D-8763-44FB-B642-7DBF5E1A4744}.Staging|Mixed Platforms.ActiveCfg = Staging|Any CPU
		{5859B12D-8763-44FB-B642-7DBF5E1A4744}.Staging|Mixed Platforms.Build.0 = Staging|Any CPU
		{5859B12D-8763-44FB-B642-7DBF5E1A4744}.Staging|x64.ActiveCfg = Staging|Any CPU
		{5859B12D-8763-44FB-B642-7DBF5E1A4744}.Staging|x86.ActiveCfg = Staging|x86
		{5859B12D-8763-44FB-B642-7DBF5E1A4744}.Staging|x86.Build.0 = Staging|x86
		{7E81668D-0FF7-44E2-B73C-AD23B400E30A}.Debug|Any CPU.ActiveCfg = Debug|Any CPU
		{7E81668D-0FF7-44E2-B73C-AD23B400E30A}.Debug|Any CPU.Build.0 = Debug|Any CPU
		{7E81668D-0FF7-44E2-B73C-AD23B400E30A}.Debug|Mixed Platforms.ActiveCfg = Debug|x86
		{7E81668D-0FF7-44E2-B73C-AD23B400E30A}.Debug|Mixed Platforms.Build.0 = Debug|x86
		{7E81668D-0FF7-44E2-B73C-AD23B400E30A}.Debug|x64.ActiveCfg = Debug|Any CPU
		{7E81668D-0FF7-44E2-B73C-AD23B400E30A}.Debug|x64.Build.0 = Debug|Any CPU
		{7E81668D-0FF7-44E2-B73C-AD23B400E30A}.Debug|x86.ActiveCfg = Debug|x86
		{7E81668D-0FF7-44E2-B73C-AD23B400E30A}.Debug|x86.Build.0 = Debug|x86
		{7E81668D-0FF7-44E2-B73C-AD23B400E30A}.Development|Any CPU.ActiveCfg = Development|Any CPU
		{7E81668D-0FF7-44E2-B73C-AD23B400E30A}.Development|Any CPU.Build.0 = Development|Any CPU
		{7E81668D-0FF7-44E2-B73C-AD23B400E30A}.Development|Mixed Platforms.ActiveCfg = Debug|x86
		{7E81668D-0FF7-44E2-B73C-AD23B400E30A}.Development|Mixed Platforms.Build.0 = Debug|x86
		{7E81668D-0FF7-44E2-B73C-AD23B400E30A}.Development|x64.ActiveCfg = Development|Any CPU
		{7E81668D-0FF7-44E2-B73C-AD23B400E30A}.Development|x64.Build.0 = Development|Any CPU
		{7E81668D-0FF7-44E2-B73C-AD23B400E30A}.Development|x86.ActiveCfg = Development|x86
		{7E81668D-0FF7-44E2-B73C-AD23B400E30A}.Development|x86.Build.0 = Development|x86
		{7E81668D-0FF7-44E2-B73C-AD23B400E30A}.Production|Any CPU.ActiveCfg = Production|Any CPU
		{7E81668D-0FF7-44E2-B73C-AD23B400E30A}.Production|Any CPU.Build.0 = Production|Any CPU
		{7E81668D-0FF7-44E2-B73C-AD23B400E30A}.Production|Mixed Platforms.ActiveCfg = Production|Any CPU
		{7E81668D-0FF7-44E2-B73C-AD23B400E30A}.Production|Mixed Platforms.Build.0 = Production|Any CPU
		{7E81668D-0FF7-44E2-B73C-AD23B400E30A}.Production|x64.ActiveCfg = Production|Any CPU
		{7E81668D-0FF7-44E2-B73C-AD23B400E30A}.Production|x64.Build.0 = Production|Any CPU
		{7E81668D-0FF7-44E2-B73C-AD23B400E30A}.Production|x86.ActiveCfg = Production|x86
		{7E81668D-0FF7-44E2-B73C-AD23B400E30A}.Production|x86.Build.0 = Production|x86
		{7E81668D-0FF7-44E2-B73C-AD23B400E30A}.Release|Any CPU.ActiveCfg = Release|Any CPU
		{7E81668D-0FF7-44E2-B73C-AD23B400E30A}.Release|Any CPU.Build.0 = Release|Any CPU
		{7E81668D-0FF7-44E2-B73C-AD23B400E30A}.Release|Mixed Platforms.ActiveCfg = Release|x86
		{7E81668D-0FF7-44E2-B73C-AD23B400E30A}.Release|Mixed Platforms.Build.0 = Release|x86
		{7E81668D-0FF7-44E2-B73C-AD23B400E30A}.Release|x64.ActiveCfg = Release|Any CPU
		{7E81668D-0FF7-44E2-B73C-AD23B400E30A}.Release|x64.Build.0 = Release|Any CPU
		{7E81668D-0FF7-44E2-B73C-AD23B400E30A}.Release|x86.ActiveCfg = Release|x86
		{7E81668D-0FF7-44E2-B73C-AD23B400E30A}.Release|x86.Build.0 = Release|x86
		{7E81668D-0FF7-44E2-B73C-AD23B400E30A}.Staging|Any CPU.ActiveCfg = Staging|Any CPU
		{7E81668D-0FF7-44E2-B73C-AD23B400E30A}.Staging|Any CPU.Build.0 = Staging|Any CPU
		{7E81668D-0FF7-44E2-B73C-AD23B400E30A}.Staging|Mixed Platforms.ActiveCfg = Staging|Any CPU
		{7E81668D-0FF7-44E2-B73C-AD23B400E30A}.Staging|Mixed Platforms.Build.0 = Staging|Any CPU
		{7E81668D-0FF7-44E2-B73C-AD23B400E30A}.Staging|x64.ActiveCfg = Staging|Any CPU
		{7E81668D-0FF7-44E2-B73C-AD23B400E30A}.Staging|x86.ActiveCfg = Release|x86
		{7E81668D-0FF7-44E2-B73C-AD23B400E30A}.Staging|x86.Build.0 = Release|x86
		{26CF6F0F-E272-4991-954C-94725919628D}.Debug|Any CPU.ActiveCfg = Debug|Any CPU
		{26CF6F0F-E272-4991-954C-94725919628D}.Debug|Any CPU.Build.0 = Debug|Any CPU
		{26CF6F0F-E272-4991-954C-94725919628D}.Debug|Mixed Platforms.ActiveCfg = Debug|x86
		{26CF6F0F-E272-4991-954C-94725919628D}.Debug|Mixed Platforms.Build.0 = Debug|x86
		{26CF6F0F-E272-4991-954C-94725919628D}.Debug|x64.ActiveCfg = Debug|Any CPU
		{26CF6F0F-E272-4991-954C-94725919628D}.Debug|x64.Build.0 = Debug|Any CPU
		{26CF6F0F-E272-4991-954C-94725919628D}.Debug|x86.ActiveCfg = Debug|x86
		{26CF6F0F-E272-4991-954C-94725919628D}.Debug|x86.Build.0 = Debug|x86
		{26CF6F0F-E272-4991-954C-94725919628D}.Development|Any CPU.ActiveCfg = Development|Any CPU
		{26CF6F0F-E272-4991-954C-94725919628D}.Development|Any CPU.Build.0 = Development|Any CPU
		{26CF6F0F-E272-4991-954C-94725919628D}.Development|Mixed Platforms.ActiveCfg = Development|x86
		{26CF6F0F-E272-4991-954C-94725919628D}.Development|Mixed Platforms.Build.0 = Development|x86
		{26CF6F0F-E272-4991-954C-94725919628D}.Development|x64.ActiveCfg = Development|Any CPU
		{26CF6F0F-E272-4991-954C-94725919628D}.Development|x64.Build.0 = Development|Any CPU
		{26CF6F0F-E272-4991-954C-94725919628D}.Development|x86.ActiveCfg = Development|x86
		{26CF6F0F-E272-4991-954C-94725919628D}.Development|x86.Build.0 = Development|x86
		{26CF6F0F-E272-4991-954C-94725919628D}.Production|Any CPU.ActiveCfg = Production|Any CPU
		{26CF6F0F-E272-4991-954C-94725919628D}.Production|Any CPU.Build.0 = Production|Any CPU
		{26CF6F0F-E272-4991-954C-94725919628D}.Production|Mixed Platforms.ActiveCfg = Production|Any CPU
		{26CF6F0F-E272-4991-954C-94725919628D}.Production|Mixed Platforms.Build.0 = Production|Any CPU
		{26CF6F0F-E272-4991-954C-94725919628D}.Production|x64.ActiveCfg = Production|Any CPU
		{26CF6F0F-E272-4991-954C-94725919628D}.Production|x64.Build.0 = Production|Any CPU
		{26CF6F0F-E272-4991-954C-94725919628D}.Production|x86.ActiveCfg = Production|x86
		{26CF6F0F-E272-4991-954C-94725919628D}.Production|x86.Build.0 = Production|x86
		{26CF6F0F-E272-4991-954C-94725919628D}.Release|Any CPU.ActiveCfg = Release|Any CPU
		{26CF6F0F-E272-4991-954C-94725919628D}.Release|Any CPU.Build.0 = Release|Any CPU
		{26CF6F0F-E272-4991-954C-94725919628D}.Release|Mixed Platforms.ActiveCfg = Release|x86
		{26CF6F0F-E272-4991-954C-94725919628D}.Release|Mixed Platforms.Build.0 = Release|x86
		{26CF6F0F-E272-4991-954C-94725919628D}.Release|x64.ActiveCfg = Release|Any CPU
		{26CF6F0F-E272-4991-954C-94725919628D}.Release|x64.Build.0 = Release|Any CPU
		{26CF6F0F-E272-4991-954C-94725919628D}.Release|x86.ActiveCfg = Release|x86
		{26CF6F0F-E272-4991-954C-94725919628D}.Release|x86.Build.0 = Release|x86
		{26CF6F0F-E272-4991-954C-94725919628D}.Staging|Any CPU.ActiveCfg = Staging|Any CPU
		{26CF6F0F-E272-4991-954C-94725919628D}.Staging|Any CPU.Build.0 = Staging|Any CPU
		{26CF6F0F-E272-4991-954C-94725919628D}.Staging|Mixed Platforms.ActiveCfg = Staging|Any CPU
		{26CF6F0F-E272-4991-954C-94725919628D}.Staging|Mixed Platforms.Build.0 = Staging|Any CPU
		{26CF6F0F-E272-4991-954C-94725919628D}.Staging|x64.ActiveCfg = Staging|Any CPU
		{26CF6F0F-E272-4991-954C-94725919628D}.Staging|x86.ActiveCfg = Staging|x86
		{26CF6F0F-E272-4991-954C-94725919628D}.Staging|x86.Build.0 = Staging|x86
		{3E746D51-C5BA-4202-982B-ABC1EE819CA1}.Debug|Any CPU.ActiveCfg = Debug|Any CPU
		{3E746D51-C5BA-4202-982B-ABC1EE819CA1}.Debug|Any CPU.Build.0 = Debug|Any CPU
		{3E746D51-C5BA-4202-982B-ABC1EE819CA1}.Debug|Mixed Platforms.ActiveCfg = Debug|x86
		{3E746D51-C5BA-4202-982B-ABC1EE819CA1}.Debug|Mixed Platforms.Build.0 = Debug|x86
		{3E746D51-C5BA-4202-982B-ABC1EE819CA1}.Debug|x64.ActiveCfg = Debug|Any CPU
		{3E746D51-C5BA-4202-982B-ABC1EE819CA1}.Debug|x64.Build.0 = Debug|Any CPU
		{3E746D51-C5BA-4202-982B-ABC1EE819CA1}.Debug|x86.ActiveCfg = Debug|x86
		{3E746D51-C5BA-4202-982B-ABC1EE819CA1}.Debug|x86.Build.0 = Debug|x86
		{3E746D51-C5BA-4202-982B-ABC1EE819CA1}.Development|Any CPU.ActiveCfg = Development|Any CPU
		{3E746D51-C5BA-4202-982B-ABC1EE819CA1}.Development|Any CPU.Build.0 = Development|Any CPU
		{3E746D51-C5BA-4202-982B-ABC1EE819CA1}.Development|Mixed Platforms.ActiveCfg = Development|x86
		{3E746D51-C5BA-4202-982B-ABC1EE819CA1}.Development|Mixed Platforms.Build.0 = Development|x86
		{3E746D51-C5BA-4202-982B-ABC1EE819CA1}.Development|x64.ActiveCfg = Development|Any CPU
		{3E746D51-C5BA-4202-982B-ABC1EE819CA1}.Development|x64.Build.0 = Development|Any CPU
		{3E746D51-C5BA-4202-982B-ABC1EE819CA1}.Development|x86.ActiveCfg = Development|x86
		{3E746D51-C5BA-4202-982B-ABC1EE819CA1}.Development|x86.Build.0 = Development|x86
		{3E746D51-C5BA-4202-982B-ABC1EE819CA1}.Production|Any CPU.ActiveCfg = Production|Any CPU
		{3E746D51-C5BA-4202-982B-ABC1EE819CA1}.Production|Any CPU.Build.0 = Production|Any CPU
		{3E746D51-C5BA-4202-982B-ABC1EE819CA1}.Production|Mixed Platforms.ActiveCfg = Production|Any CPU
		{3E746D51-C5BA-4202-982B-ABC1EE819CA1}.Production|Mixed Platforms.Build.0 = Production|Any CPU
		{3E746D51-C5BA-4202-982B-ABC1EE819CA1}.Production|x64.ActiveCfg = Production|Any CPU
		{3E746D51-C5BA-4202-982B-ABC1EE819CA1}.Production|x64.Build.0 = Production|Any CPU
		{3E746D51-C5BA-4202-982B-ABC1EE819CA1}.Production|x86.ActiveCfg = Production|x86
		{3E746D51-C5BA-4202-982B-ABC1EE819CA1}.Production|x86.Build.0 = Production|x86
		{3E746D51-C5BA-4202-982B-ABC1EE819CA1}.Release|Any CPU.ActiveCfg = Release|Any CPU
		{3E746D51-C5BA-4202-982B-ABC1EE819CA1}.Release|Any CPU.Build.0 = Release|Any CPU
		{3E746D51-C5BA-4202-982B-ABC1EE819CA1}.Release|Mixed Platforms.ActiveCfg = Release|x86
		{3E746D51-C5BA-4202-982B-ABC1EE819CA1}.Release|Mixed Platforms.Build.0 = Release|x86
		{3E746D51-C5BA-4202-982B-ABC1EE819CA1}.Release|x64.ActiveCfg = Release|Any CPU
		{3E746D51-C5BA-4202-982B-ABC1EE819CA1}.Release|x64.Build.0 = Release|Any CPU
		{3E746D51-C5BA-4202-982B-ABC1EE819CA1}.Release|x86.ActiveCfg = Release|x86
		{3E746D51-C5BA-4202-982B-ABC1EE819CA1}.Release|x86.Build.0 = Release|x86
		{3E746D51-C5BA-4202-982B-ABC1EE819CA1}.Staging|Any CPU.ActiveCfg = Staging|Any CPU
		{3E746D51-C5BA-4202-982B-ABC1EE819CA1}.Staging|Any CPU.Build.0 = Staging|Any CPU
		{3E746D51-C5BA-4202-982B-ABC1EE819CA1}.Staging|Mixed Platforms.ActiveCfg = Staging|Any CPU
		{3E746D51-C5BA-4202-982B-ABC1EE819CA1}.Staging|Mixed Platforms.Build.0 = Staging|Any CPU
		{3E746D51-C5BA-4202-982B-ABC1EE819CA1}.Staging|x64.ActiveCfg = Staging|Any CPU
		{3E746D51-C5BA-4202-982B-ABC1EE819CA1}.Staging|x86.ActiveCfg = Staging|x86
		{3E746D51-C5BA-4202-982B-ABC1EE819CA1}.Staging|x86.Build.0 = Staging|x86
		{1AD2E49A-E687-4BB8-979D-8B3EAB897FC8}.Debug|Any CPU.ActiveCfg = Debug|Any CPU
		{1AD2E49A-E687-4BB8-979D-8B3EAB897FC8}.Debug|Any CPU.Build.0 = Debug|Any CPU
		{1AD2E49A-E687-4BB8-979D-8B3EAB897FC8}.Debug|Mixed Platforms.ActiveCfg = Debug|x86
		{1AD2E49A-E687-4BB8-979D-8B3EAB897FC8}.Debug|Mixed Platforms.Build.0 = Debug|x86
		{1AD2E49A-E687-4BB8-979D-8B3EAB897FC8}.Debug|x64.ActiveCfg = Debug|Any CPU
		{1AD2E49A-E687-4BB8-979D-8B3EAB897FC8}.Debug|x64.Build.0 = Debug|Any CPU
		{1AD2E49A-E687-4BB8-979D-8B3EAB897FC8}.Debug|x86.ActiveCfg = Debug|x86
		{1AD2E49A-E687-4BB8-979D-8B3EAB897FC8}.Debug|x86.Build.0 = Debug|x86
		{1AD2E49A-E687-4BB8-979D-8B3EAB897FC8}.Development|Any CPU.ActiveCfg = Development|Any CPU
		{1AD2E49A-E687-4BB8-979D-8B3EAB897FC8}.Development|Any CPU.Build.0 = Development|Any CPU
		{1AD2E49A-E687-4BB8-979D-8B3EAB897FC8}.Development|Mixed Platforms.ActiveCfg = Development|x86
		{1AD2E49A-E687-4BB8-979D-8B3EAB897FC8}.Development|Mixed Platforms.Build.0 = Development|x86
		{1AD2E49A-E687-4BB8-979D-8B3EAB897FC8}.Development|x64.ActiveCfg = Development|Any CPU
		{1AD2E49A-E687-4BB8-979D-8B3EAB897FC8}.Development|x64.Build.0 = Development|Any CPU
		{1AD2E49A-E687-4BB8-979D-8B3EAB897FC8}.Development|x86.ActiveCfg = Development|x86
		{1AD2E49A-E687-4BB8-979D-8B3EAB897FC8}.Development|x86.Build.0 = Development|x86
		{1AD2E49A-E687-4BB8-979D-8B3EAB897FC8}.Production|Any CPU.ActiveCfg = Production|Any CPU
		{1AD2E49A-E687-4BB8-979D-8B3EAB897FC8}.Production|Any CPU.Build.0 = Production|Any CPU
		{1AD2E49A-E687-4BB8-979D-8B3EAB897FC8}.Production|Mixed Platforms.ActiveCfg = Production|Any CPU
		{1AD2E49A-E687-4BB8-979D-8B3EAB897FC8}.Production|Mixed Platforms.Build.0 = Production|Any CPU
		{1AD2E49A-E687-4BB8-979D-8B3EAB897FC8}.Production|x64.ActiveCfg = Production|Any CPU
		{1AD2E49A-E687-4BB8-979D-8B3EAB897FC8}.Production|x64.Build.0 = Production|Any CPU
		{1AD2E49A-E687-4BB8-979D-8B3EAB897FC8}.Production|x86.ActiveCfg = Production|x86
		{1AD2E49A-E687-4BB8-979D-8B3EAB897FC8}.Production|x86.Build.0 = Production|x86
		{1AD2E49A-E687-4BB8-979D-8B3EAB897FC8}.Release|Any CPU.ActiveCfg = Release|Any CPU
		{1AD2E49A-E687-4BB8-979D-8B3EAB897FC8}.Release|Any CPU.Build.0 = Release|Any CPU
		{1AD2E49A-E687-4BB8-979D-8B3EAB897FC8}.Release|Mixed Platforms.ActiveCfg = Release|x86
		{1AD2E49A-E687-4BB8-979D-8B3EAB897FC8}.Release|Mixed Platforms.Build.0 = Release|x86
		{1AD2E49A-E687-4BB8-979D-8B3EAB897FC8}.Release|x64.ActiveCfg = Release|Any CPU
		{1AD2E49A-E687-4BB8-979D-8B3EAB897FC8}.Release|x64.Build.0 = Release|Any CPU
		{1AD2E49A-E687-4BB8-979D-8B3EAB897FC8}.Release|x86.ActiveCfg = Release|x86
		{1AD2E49A-E687-4BB8-979D-8B3EAB897FC8}.Release|x86.Build.0 = Release|x86
		{1AD2E49A-E687-4BB8-979D-8B3EAB897FC8}.Staging|Any CPU.ActiveCfg = Staging|Any CPU
		{1AD2E49A-E687-4BB8-979D-8B3EAB897FC8}.Staging|Any CPU.Build.0 = Staging|Any CPU
		{1AD2E49A-E687-4BB8-979D-8B3EAB897FC8}.Staging|Mixed Platforms.ActiveCfg = Staging|Any CPU
		{1AD2E49A-E687-4BB8-979D-8B3EAB897FC8}.Staging|Mixed Platforms.Build.0 = Staging|Any CPU
		{1AD2E49A-E687-4BB8-979D-8B3EAB897FC8}.Staging|x64.ActiveCfg = Staging|Any CPU
		{1AD2E49A-E687-4BB8-979D-8B3EAB897FC8}.Staging|x86.ActiveCfg = Staging|x86
		{1AD2E49A-E687-4BB8-979D-8B3EAB897FC8}.Staging|x86.Build.0 = Staging|x86
		{6554F8DD-63AC-4973-91AE-4D87F2C8BE02}.Debug|Any CPU.ActiveCfg = Debug|Any CPU
		{6554F8DD-63AC-4973-91AE-4D87F2C8BE02}.Debug|Any CPU.Build.0 = Debug|Any CPU
		{6554F8DD-63AC-4973-91AE-4D87F2C8BE02}.Debug|Mixed Platforms.ActiveCfg = Debug|Any CPU
		{6554F8DD-63AC-4973-91AE-4D87F2C8BE02}.Debug|Mixed Platforms.Build.0 = Debug|Any CPU
		{6554F8DD-63AC-4973-91AE-4D87F2C8BE02}.Debug|x64.ActiveCfg = Debug|Any CPU
		{6554F8DD-63AC-4973-91AE-4D87F2C8BE02}.Debug|x64.Build.0 = Debug|Any CPU
		{6554F8DD-63AC-4973-91AE-4D87F2C8BE02}.Debug|x86.ActiveCfg = Debug|x86
		{6554F8DD-63AC-4973-91AE-4D87F2C8BE02}.Debug|x86.Build.0 = Debug|x86
		{6554F8DD-63AC-4973-91AE-4D87F2C8BE02}.Development|Any CPU.ActiveCfg = Development|Any CPU
		{6554F8DD-63AC-4973-91AE-4D87F2C8BE02}.Development|Any CPU.Build.0 = Development|Any CPU
		{6554F8DD-63AC-4973-91AE-4D87F2C8BE02}.Development|Mixed Platforms.ActiveCfg = Development|Any CPU
		{6554F8DD-63AC-4973-91AE-4D87F2C8BE02}.Development|Mixed Platforms.Build.0 = Development|Any CPU
		{6554F8DD-63AC-4973-91AE-4D87F2C8BE02}.Development|x64.ActiveCfg = Development|Any CPU
		{6554F8DD-63AC-4973-91AE-4D87F2C8BE02}.Development|x64.Build.0 = Development|Any CPU
		{6554F8DD-63AC-4973-91AE-4D87F2C8BE02}.Development|x86.ActiveCfg = Development|x86
		{6554F8DD-63AC-4973-91AE-4D87F2C8BE02}.Development|x86.Build.0 = Development|x86
		{6554F8DD-63AC-4973-91AE-4D87F2C8BE02}.Production|Any CPU.ActiveCfg = Production|Any CPU
		{6554F8DD-63AC-4973-91AE-4D87F2C8BE02}.Production|Any CPU.Build.0 = Production|Any CPU
		{6554F8DD-63AC-4973-91AE-4D87F2C8BE02}.Production|Mixed Platforms.ActiveCfg = Production|Any CPU
		{6554F8DD-63AC-4973-91AE-4D87F2C8BE02}.Production|Mixed Platforms.Build.0 = Production|Any CPU
		{6554F8DD-63AC-4973-91AE-4D87F2C8BE02}.Production|x64.ActiveCfg = Production|Any CPU
		{6554F8DD-63AC-4973-91AE-4D87F2C8BE02}.Production|x64.Build.0 = Production|Any CPU
		{6554F8DD-63AC-4973-91AE-4D87F2C8BE02}.Production|x86.ActiveCfg = Production|x86
		{6554F8DD-63AC-4973-91AE-4D87F2C8BE02}.Production|x86.Build.0 = Production|x86
		{6554F8DD-63AC-4973-91AE-4D87F2C8BE02}.Release|Any CPU.ActiveCfg = Release|Any CPU
		{6554F8DD-63AC-4973-91AE-4D87F2C8BE02}.Release|Any CPU.Build.0 = Release|Any CPU
		{6554F8DD-63AC-4973-91AE-4D87F2C8BE02}.Release|Mixed Platforms.ActiveCfg = Release|Any CPU
		{6554F8DD-63AC-4973-91AE-4D87F2C8BE02}.Release|Mixed Platforms.Build.0 = Release|Any CPU
		{6554F8DD-63AC-4973-91AE-4D87F2C8BE02}.Release|x64.ActiveCfg = Release|Any CPU
		{6554F8DD-63AC-4973-91AE-4D87F2C8BE02}.Release|x64.Build.0 = Release|Any CPU
		{6554F8DD-63AC-4973-91AE-4D87F2C8BE02}.Release|x86.ActiveCfg = Release|x86
		{6554F8DD-63AC-4973-91AE-4D87F2C8BE02}.Release|x86.Build.0 = Release|x86
		{6554F8DD-63AC-4973-91AE-4D87F2C8BE02}.Staging|Any CPU.ActiveCfg = Staging|Any CPU
		{6554F8DD-63AC-4973-91AE-4D87F2C8BE02}.Staging|Any CPU.Build.0 = Staging|Any CPU
		{6554F8DD-63AC-4973-91AE-4D87F2C8BE02}.Staging|Mixed Platforms.ActiveCfg = Staging|Any CPU
		{6554F8DD-63AC-4973-91AE-4D87F2C8BE02}.Staging|Mixed Platforms.Build.0 = Staging|Any CPU
		{6554F8DD-63AC-4973-91AE-4D87F2C8BE02}.Staging|x64.ActiveCfg = Staging|Any CPU
		{6554F8DD-63AC-4973-91AE-4D87F2C8BE02}.Staging|x86.ActiveCfg = Staging|x86
		{6554F8DD-63AC-4973-91AE-4D87F2C8BE02}.Staging|x86.Build.0 = Staging|x86
		{07462B1F-78F3-45BF-A82C-FB19A7B9AABA}.Debug|Any CPU.ActiveCfg = Debug|Any CPU
		{07462B1F-78F3-45BF-A82C-FB19A7B9AABA}.Debug|Any CPU.Build.0 = Debug|Any CPU
		{07462B1F-78F3-45BF-A82C-FB19A7B9AABA}.Debug|Mixed Platforms.ActiveCfg = Debug|Any CPU
		{07462B1F-78F3-45BF-A82C-FB19A7B9AABA}.Debug|Mixed Platforms.Build.0 = Debug|Any CPU
		{07462B1F-78F3-45BF-A82C-FB19A7B9AABA}.Debug|x64.ActiveCfg = Debug|Any CPU
		{07462B1F-78F3-45BF-A82C-FB19A7B9AABA}.Debug|x64.Build.0 = Debug|Any CPU
		{07462B1F-78F3-45BF-A82C-FB19A7B9AABA}.Debug|x86.ActiveCfg = Debug|x86
		{07462B1F-78F3-45BF-A82C-FB19A7B9AABA}.Debug|x86.Build.0 = Debug|x86
		{07462B1F-78F3-45BF-A82C-FB19A7B9AABA}.Development|Any CPU.ActiveCfg = Development|Any CPU
		{07462B1F-78F3-45BF-A82C-FB19A7B9AABA}.Development|Any CPU.Build.0 = Development|Any CPU
		{07462B1F-78F3-45BF-A82C-FB19A7B9AABA}.Development|Mixed Platforms.ActiveCfg = Debug|Any CPU
		{07462B1F-78F3-45BF-A82C-FB19A7B9AABA}.Development|Mixed Platforms.Build.0 = Debug|Any CPU
		{07462B1F-78F3-45BF-A82C-FB19A7B9AABA}.Development|x64.ActiveCfg = Development|Any CPU
		{07462B1F-78F3-45BF-A82C-FB19A7B9AABA}.Development|x64.Build.0 = Development|Any CPU
		{07462B1F-78F3-45BF-A82C-FB19A7B9AABA}.Development|x86.ActiveCfg = Development|x86
		{07462B1F-78F3-45BF-A82C-FB19A7B9AABA}.Production|Any CPU.ActiveCfg = Production|Any CPU
		{07462B1F-78F3-45BF-A82C-FB19A7B9AABA}.Production|Any CPU.Build.0 = Production|Any CPU
		{07462B1F-78F3-45BF-A82C-FB19A7B9AABA}.Production|Mixed Platforms.ActiveCfg = Production|Any CPU
		{07462B1F-78F3-45BF-A82C-FB19A7B9AABA}.Production|Mixed Platforms.Build.0 = Production|Any CPU
		{07462B1F-78F3-45BF-A82C-FB19A7B9AABA}.Production|x64.ActiveCfg = Production|Any CPU
		{07462B1F-78F3-45BF-A82C-FB19A7B9AABA}.Production|x64.Build.0 = Production|Any CPU
		{07462B1F-78F3-45BF-A82C-FB19A7B9AABA}.Production|x86.ActiveCfg = Production|x86
		{07462B1F-78F3-45BF-A82C-FB19A7B9AABA}.Production|x86.Build.0 = Production|x86
		{07462B1F-78F3-45BF-A82C-FB19A7B9AABA}.Release|Any CPU.ActiveCfg = Release|Any CPU
		{07462B1F-78F3-45BF-A82C-FB19A7B9AABA}.Release|Any CPU.Build.0 = Release|Any CPU
		{07462B1F-78F3-45BF-A82C-FB19A7B9AABA}.Release|Mixed Platforms.ActiveCfg = Release|Any CPU
		{07462B1F-78F3-45BF-A82C-FB19A7B9AABA}.Release|Mixed Platforms.Build.0 = Release|Any CPU
		{07462B1F-78F3-45BF-A82C-FB19A7B9AABA}.Release|x64.ActiveCfg = Release|Any CPU
		{07462B1F-78F3-45BF-A82C-FB19A7B9AABA}.Release|x64.Build.0 = Release|Any CPU
		{07462B1F-78F3-45BF-A82C-FB19A7B9AABA}.Release|x86.ActiveCfg = Release|x86
		{07462B1F-78F3-45BF-A82C-FB19A7B9AABA}.Release|x86.Build.0 = Release|x86
		{07462B1F-78F3-45BF-A82C-FB19A7B9AABA}.Staging|Any CPU.ActiveCfg = Staging|Any CPU
		{07462B1F-78F3-45BF-A82C-FB19A7B9AABA}.Staging|Any CPU.Build.0 = Staging|Any CPU
		{07462B1F-78F3-45BF-A82C-FB19A7B9AABA}.Staging|Mixed Platforms.ActiveCfg = Staging|Any CPU
		{07462B1F-78F3-45BF-A82C-FB19A7B9AABA}.Staging|Mixed Platforms.Build.0 = Staging|Any CPU
		{07462B1F-78F3-45BF-A82C-FB19A7B9AABA}.Staging|x64.ActiveCfg = Staging|x64
		{07462B1F-78F3-45BF-A82C-FB19A7B9AABA}.Staging|x64.Build.0 = Staging|x64
		{07462B1F-78F3-45BF-A82C-FB19A7B9AABA}.Staging|x86.ActiveCfg = Staging|x86
		{07462B1F-78F3-45BF-A82C-FB19A7B9AABA}.Staging|x86.Build.0 = Staging|x86
		{88E2A6B3-94EF-4D00-BEE7-FF006789777A}.Debug|Any CPU.ActiveCfg = Debug|Any CPU
		{88E2A6B3-94EF-4D00-BEE7-FF006789777A}.Debug|Any CPU.Build.0 = Debug|Any CPU
		{88E2A6B3-94EF-4D00-BEE7-FF006789777A}.Debug|Mixed Platforms.ActiveCfg = Debug|Any CPU
		{88E2A6B3-94EF-4D00-BEE7-FF006789777A}.Debug|Mixed Platforms.Build.0 = Debug|Any CPU
		{88E2A6B3-94EF-4D00-BEE7-FF006789777A}.Debug|x64.ActiveCfg = Debug|Any CPU
		{88E2A6B3-94EF-4D00-BEE7-FF006789777A}.Debug|x64.Build.0 = Debug|Any CPU
		{88E2A6B3-94EF-4D00-BEE7-FF006789777A}.Debug|x86.ActiveCfg = Debug|x86
		{88E2A6B3-94EF-4D00-BEE7-FF006789777A}.Debug|x86.Build.0 = Debug|x86
		{88E2A6B3-94EF-4D00-BEE7-FF006789777A}.Development|Any CPU.ActiveCfg = Development|Any CPU
		{88E2A6B3-94EF-4D00-BEE7-FF006789777A}.Development|Any CPU.Build.0 = Development|Any CPU
		{88E2A6B3-94EF-4D00-BEE7-FF006789777A}.Development|Mixed Platforms.ActiveCfg = Debug|Any CPU
		{88E2A6B3-94EF-4D00-BEE7-FF006789777A}.Development|Mixed Platforms.Build.0 = Debug|Any CPU
		{88E2A6B3-94EF-4D00-BEE7-FF006789777A}.Development|x64.ActiveCfg = Development|Any CPU
		{88E2A6B3-94EF-4D00-BEE7-FF006789777A}.Development|x64.Build.0 = Development|Any CPU
		{88E2A6B3-94EF-4D00-BEE7-FF006789777A}.Development|x86.ActiveCfg = Development|x86
		{88E2A6B3-94EF-4D00-BEE7-FF006789777A}.Development|x86.Build.0 = Development|x86
		{88E2A6B3-94EF-4D00-BEE7-FF006789777A}.Production|Any CPU.ActiveCfg = Production|Any CPU
		{88E2A6B3-94EF-4D00-BEE7-FF006789777A}.Production|Any CPU.Build.0 = Production|Any CPU
		{88E2A6B3-94EF-4D00-BEE7-FF006789777A}.Production|Mixed Platforms.ActiveCfg = Release|Any CPU
		{88E2A6B3-94EF-4D00-BEE7-FF006789777A}.Production|Mixed Platforms.Build.0 = Release|Any CPU
		{88E2A6B3-94EF-4D00-BEE7-FF006789777A}.Production|x64.ActiveCfg = Production|Any CPU
		{88E2A6B3-94EF-4D00-BEE7-FF006789777A}.Production|x64.Build.0 = Production|Any CPU
		{88E2A6B3-94EF-4D00-BEE7-FF006789777A}.Production|x86.ActiveCfg = Production|x86
		{88E2A6B3-94EF-4D00-BEE7-FF006789777A}.Production|x86.Build.0 = Production|x86
		{88E2A6B3-94EF-4D00-BEE7-FF006789777A}.Release|Any CPU.ActiveCfg = Release|Any CPU
		{88E2A6B3-94EF-4D00-BEE7-FF006789777A}.Release|Any CPU.Build.0 = Release|Any CPU
		{88E2A6B3-94EF-4D00-BEE7-FF006789777A}.Release|Mixed Platforms.ActiveCfg = Release|Any CPU
		{88E2A6B3-94EF-4D00-BEE7-FF006789777A}.Release|Mixed Platforms.Build.0 = Release|Any CPU
		{88E2A6B3-94EF-4D00-BEE7-FF006789777A}.Release|x64.ActiveCfg = Release|Any CPU
		{88E2A6B3-94EF-4D00-BEE7-FF006789777A}.Release|x64.Build.0 = Release|Any CPU
		{88E2A6B3-94EF-4D00-BEE7-FF006789777A}.Release|x86.ActiveCfg = Release|x86
		{88E2A6B3-94EF-4D00-BEE7-FF006789777A}.Release|x86.Build.0 = Release|x86
		{88E2A6B3-94EF-4D00-BEE7-FF006789777A}.Staging|Any CPU.ActiveCfg = Staging|Any CPU
		{88E2A6B3-94EF-4D00-BEE7-FF006789777A}.Staging|Any CPU.Build.0 = Staging|Any CPU
		{88E2A6B3-94EF-4D00-BEE7-FF006789777A}.Staging|Mixed Platforms.ActiveCfg = Release|Any CPU
		{88E2A6B3-94EF-4D00-BEE7-FF006789777A}.Staging|Mixed Platforms.Build.0 = Release|Any CPU
		{88E2A6B3-94EF-4D00-BEE7-FF006789777A}.Staging|x64.ActiveCfg = Staging|Any CPU
		{88E2A6B3-94EF-4D00-BEE7-FF006789777A}.Staging|x86.ActiveCfg = Staging|x86
		{88E2A6B3-94EF-4D00-BEE7-FF006789777A}.Staging|x86.Build.0 = Staging|x86
		{A991566E-53A1-4768-B057-42F58088A800}.Debug|Any CPU.ActiveCfg = Debug|Any CPU
		{A991566E-53A1-4768-B057-42F58088A800}.Debug|Any CPU.Build.0 = Debug|Any CPU
		{A991566E-53A1-4768-B057-42F58088A800}.Debug|Mixed Platforms.ActiveCfg = Debug|Any CPU
		{A991566E-53A1-4768-B057-42F58088A800}.Debug|Mixed Platforms.Build.0 = Debug|Any CPU
		{A991566E-53A1-4768-B057-42F58088A800}.Debug|x64.ActiveCfg = Debug|Any CPU
		{A991566E-53A1-4768-B057-42F58088A800}.Debug|x64.Build.0 = Debug|Any CPU
		{A991566E-53A1-4768-B057-42F58088A800}.Debug|x86.ActiveCfg = Debug|x86
		{A991566E-53A1-4768-B057-42F58088A800}.Debug|x86.Build.0 = Debug|x86
		{A991566E-53A1-4768-B057-42F58088A800}.Development|Any CPU.ActiveCfg = Development|Any CPU
		{A991566E-53A1-4768-B057-42F58088A800}.Development|Any CPU.Build.0 = Development|Any CPU
		{A991566E-53A1-4768-B057-42F58088A800}.Development|Mixed Platforms.ActiveCfg = Debug|Any CPU
		{A991566E-53A1-4768-B057-42F58088A800}.Development|Mixed Platforms.Build.0 = Debug|Any CPU
		{A991566E-53A1-4768-B057-42F58088A800}.Development|x64.ActiveCfg = Development|Any CPU
		{A991566E-53A1-4768-B057-42F58088A800}.Development|x64.Build.0 = Development|Any CPU
		{A991566E-53A1-4768-B057-42F58088A800}.Development|x86.ActiveCfg = Development|x86
		{A991566E-53A1-4768-B057-42F58088A800}.Development|x86.Build.0 = Development|x86
		{A991566E-53A1-4768-B057-42F58088A800}.Production|Any CPU.ActiveCfg = Production|Any CPU
		{A991566E-53A1-4768-B057-42F58088A800}.Production|Any CPU.Build.0 = Production|Any CPU
		{A991566E-53A1-4768-B057-42F58088A800}.Production|Mixed Platforms.ActiveCfg = Release|Any CPU
		{A991566E-53A1-4768-B057-42F58088A800}.Production|Mixed Platforms.Build.0 = Release|Any CPU
		{A991566E-53A1-4768-B057-42F58088A800}.Production|x64.ActiveCfg = Production|Any CPU
		{A991566E-53A1-4768-B057-42F58088A800}.Production|x64.Build.0 = Production|Any CPU
		{A991566E-53A1-4768-B057-42F58088A800}.Production|x86.ActiveCfg = Production|x86
		{A991566E-53A1-4768-B057-42F58088A800}.Production|x86.Build.0 = Production|x86
		{A991566E-53A1-4768-B057-42F58088A800}.Release|Any CPU.ActiveCfg = Release|Any CPU
		{A991566E-53A1-4768-B057-42F58088A800}.Release|Any CPU.Build.0 = Release|Any CPU
		{A991566E-53A1-4768-B057-42F58088A800}.Release|Mixed Platforms.ActiveCfg = Release|Any CPU
		{A991566E-53A1-4768-B057-42F58088A800}.Release|Mixed Platforms.Build.0 = Release|Any CPU
		{A991566E-53A1-4768-B057-42F58088A800}.Release|x64.ActiveCfg = Release|Any CPU
		{A991566E-53A1-4768-B057-42F58088A800}.Release|x64.Build.0 = Release|Any CPU
		{A991566E-53A1-4768-B057-42F58088A800}.Release|x86.ActiveCfg = Release|x86
		{A991566E-53A1-4768-B057-42F58088A800}.Release|x86.Build.0 = Release|x86
		{A991566E-53A1-4768-B057-42F58088A800}.Staging|Any CPU.ActiveCfg = Staging|Any CPU
		{A991566E-53A1-4768-B057-42F58088A800}.Staging|Any CPU.Build.0 = Staging|Any CPU
		{A991566E-53A1-4768-B057-42F58088A800}.Staging|Mixed Platforms.ActiveCfg = Release|Any CPU
		{A991566E-53A1-4768-B057-42F58088A800}.Staging|Mixed Platforms.Build.0 = Release|Any CPU
		{A991566E-53A1-4768-B057-42F58088A800}.Staging|x64.ActiveCfg = Staging|Any CPU
		{A991566E-53A1-4768-B057-42F58088A800}.Staging|x86.ActiveCfg = Staging|x86
		{A991566E-53A1-4768-B057-42F58088A800}.Staging|x86.Build.0 = Staging|x86
		{691205CF-9BAD-4FB2-ACE4-0304C170CAB7}.Debug|Any CPU.ActiveCfg = Debug|Any CPU
		{691205CF-9BAD-4FB2-ACE4-0304C170CAB7}.Debug|Any CPU.Build.0 = Debug|Any CPU
		{691205CF-9BAD-4FB2-ACE4-0304C170CAB7}.Debug|Mixed Platforms.ActiveCfg = Debug|Any CPU
		{691205CF-9BAD-4FB2-ACE4-0304C170CAB7}.Debug|Mixed Platforms.Build.0 = Debug|Any CPU
		{691205CF-9BAD-4FB2-ACE4-0304C170CAB7}.Debug|x64.ActiveCfg = Debug|Any CPU
		{691205CF-9BAD-4FB2-ACE4-0304C170CAB7}.Debug|x64.Build.0 = Debug|Any CPU
		{691205CF-9BAD-4FB2-ACE4-0304C170CAB7}.Debug|x86.ActiveCfg = Debug|x86
		{691205CF-9BAD-4FB2-ACE4-0304C170CAB7}.Debug|x86.Build.0 = Debug|x86
		{691205CF-9BAD-4FB2-ACE4-0304C170CAB7}.Development|Any CPU.ActiveCfg = Development|Any CPU
		{691205CF-9BAD-4FB2-ACE4-0304C170CAB7}.Development|Any CPU.Build.0 = Development|Any CPU
		{691205CF-9BAD-4FB2-ACE4-0304C170CAB7}.Development|Mixed Platforms.ActiveCfg = Debug|Any CPU
		{691205CF-9BAD-4FB2-ACE4-0304C170CAB7}.Development|Mixed Platforms.Build.0 = Debug|Any CPU
		{691205CF-9BAD-4FB2-ACE4-0304C170CAB7}.Development|x64.ActiveCfg = Development|Any CPU
		{691205CF-9BAD-4FB2-ACE4-0304C170CAB7}.Development|x64.Build.0 = Development|Any CPU
		{691205CF-9BAD-4FB2-ACE4-0304C170CAB7}.Development|x86.ActiveCfg = Development|x86
		{691205CF-9BAD-4FB2-ACE4-0304C170CAB7}.Development|x86.Build.0 = Development|x86
		{691205CF-9BAD-4FB2-ACE4-0304C170CAB7}.Production|Any CPU.ActiveCfg = Production|Any CPU
		{691205CF-9BAD-4FB2-ACE4-0304C170CAB7}.Production|Any CPU.Build.0 = Production|Any CPU
		{691205CF-9BAD-4FB2-ACE4-0304C170CAB7}.Production|Mixed Platforms.ActiveCfg = Production|Any CPU
		{691205CF-9BAD-4FB2-ACE4-0304C170CAB7}.Production|Mixed Platforms.Build.0 = Production|Any CPU
		{691205CF-9BAD-4FB2-ACE4-0304C170CAB7}.Production|x64.ActiveCfg = Production|Any CPU
		{691205CF-9BAD-4FB2-ACE4-0304C170CAB7}.Production|x64.Build.0 = Production|Any CPU
		{691205CF-9BAD-4FB2-ACE4-0304C170CAB7}.Production|x86.ActiveCfg = Production|x86
		{691205CF-9BAD-4FB2-ACE4-0304C170CAB7}.Production|x86.Build.0 = Production|x86
		{691205CF-9BAD-4FB2-ACE4-0304C170CAB7}.Release|Any CPU.ActiveCfg = Release|Any CPU
		{691205CF-9BAD-4FB2-ACE4-0304C170CAB7}.Release|Any CPU.Build.0 = Release|Any CPU
		{691205CF-9BAD-4FB2-ACE4-0304C170CAB7}.Release|Mixed Platforms.ActiveCfg = Release|Any CPU
		{691205CF-9BAD-4FB2-ACE4-0304C170CAB7}.Release|Mixed Platforms.Build.0 = Release|Any CPU
		{691205CF-9BAD-4FB2-ACE4-0304C170CAB7}.Release|x64.ActiveCfg = Release|Any CPU
		{691205CF-9BAD-4FB2-ACE4-0304C170CAB7}.Release|x64.Build.0 = Release|Any CPU
		{691205CF-9BAD-4FB2-ACE4-0304C170CAB7}.Release|x86.ActiveCfg = Release|x86
		{691205CF-9BAD-4FB2-ACE4-0304C170CAB7}.Release|x86.Build.0 = Release|x86
		{691205CF-9BAD-4FB2-ACE4-0304C170CAB7}.Staging|Any CPU.ActiveCfg = Staging|Any CPU
		{691205CF-9BAD-4FB2-ACE4-0304C170CAB7}.Staging|Any CPU.Build.0 = Staging|Any CPU
		{691205CF-9BAD-4FB2-ACE4-0304C170CAB7}.Staging|Mixed Platforms.ActiveCfg = Staging|Any CPU
		{691205CF-9BAD-4FB2-ACE4-0304C170CAB7}.Staging|Mixed Platforms.Build.0 = Staging|Any CPU
		{691205CF-9BAD-4FB2-ACE4-0304C170CAB7}.Staging|x64.ActiveCfg = Staging|Any CPU
		{691205CF-9BAD-4FB2-ACE4-0304C170CAB7}.Staging|x86.ActiveCfg = Staging|x86
		{6C0E0299-C808-4EFB-98F3-8E56EAF597FB}.Debug|Any CPU.ActiveCfg = Debug|Any CPU
		{6C0E0299-C808-4EFB-98F3-8E56EAF597FB}.Debug|Any CPU.Build.0 = Debug|Any CPU
		{6C0E0299-C808-4EFB-98F3-8E56EAF597FB}.Debug|Mixed Platforms.ActiveCfg = Debug|Any CPU
		{6C0E0299-C808-4EFB-98F3-8E56EAF597FB}.Debug|Mixed Platforms.Build.0 = Debug|Any CPU
		{6C0E0299-C808-4EFB-98F3-8E56EAF597FB}.Debug|x64.ActiveCfg = Debug|Any CPU
		{6C0E0299-C808-4EFB-98F3-8E56EAF597FB}.Debug|x64.Build.0 = Debug|Any CPU
		{6C0E0299-C808-4EFB-98F3-8E56EAF597FB}.Debug|x86.ActiveCfg = Debug|x86
		{6C0E0299-C808-4EFB-98F3-8E56EAF597FB}.Debug|x86.Build.0 = Debug|x86
		{6C0E0299-C808-4EFB-98F3-8E56EAF597FB}.Development|Any CPU.ActiveCfg = Development|Any CPU
		{6C0E0299-C808-4EFB-98F3-8E56EAF597FB}.Development|Any CPU.Build.0 = Development|Any CPU
		{6C0E0299-C808-4EFB-98F3-8E56EAF597FB}.Development|Mixed Platforms.ActiveCfg = Debug|Any CPU
		{6C0E0299-C808-4EFB-98F3-8E56EAF597FB}.Development|Mixed Platforms.Build.0 = Debug|Any CPU
		{6C0E0299-C808-4EFB-98F3-8E56EAF597FB}.Development|x64.ActiveCfg = Development|Any CPU
		{6C0E0299-C808-4EFB-98F3-8E56EAF597FB}.Development|x64.Build.0 = Development|Any CPU
		{6C0E0299-C808-4EFB-98F3-8E56EAF597FB}.Development|x86.ActiveCfg = Development|x86
		{6C0E0299-C808-4EFB-98F3-8E56EAF597FB}.Development|x86.Build.0 = Development|x86
		{6C0E0299-C808-4EFB-98F3-8E56EAF597FB}.Production|Any CPU.ActiveCfg = Production|Any CPU
		{6C0E0299-C808-4EFB-98F3-8E56EAF597FB}.Production|Any CPU.Build.0 = Production|Any CPU
		{6C0E0299-C808-4EFB-98F3-8E56EAF597FB}.Production|Mixed Platforms.ActiveCfg = Release|Any CPU
		{6C0E0299-C808-4EFB-98F3-8E56EAF597FB}.Production|Mixed Platforms.Build.0 = Release|Any CPU
		{6C0E0299-C808-4EFB-98F3-8E56EAF597FB}.Production|x64.ActiveCfg = Production|Any CPU
		{6C0E0299-C808-4EFB-98F3-8E56EAF597FB}.Production|x64.Build.0 = Production|Any CPU
		{6C0E0299-C808-4EFB-98F3-8E56EAF597FB}.Production|x86.ActiveCfg = Production|x86
		{6C0E0299-C808-4EFB-98F3-8E56EAF597FB}.Production|x86.Build.0 = Production|x86
		{6C0E0299-C808-4EFB-98F3-8E56EAF597FB}.Release|Any CPU.ActiveCfg = Release|Any CPU
		{6C0E0299-C808-4EFB-98F3-8E56EAF597FB}.Release|Any CPU.Build.0 = Release|Any CPU
		{6C0E0299-C808-4EFB-98F3-8E56EAF597FB}.Release|Mixed Platforms.ActiveCfg = Release|Any CPU
		{6C0E0299-C808-4EFB-98F3-8E56EAF597FB}.Release|Mixed Platforms.Build.0 = Release|Any CPU
		{6C0E0299-C808-4EFB-98F3-8E56EAF597FB}.Release|x64.ActiveCfg = Release|Any CPU
		{6C0E0299-C808-4EFB-98F3-8E56EAF597FB}.Release|x64.Build.0 = Release|Any CPU
		{6C0E0299-C808-4EFB-98F3-8E56EAF597FB}.Release|x86.ActiveCfg = Release|x86
		{6C0E0299-C808-4EFB-98F3-8E56EAF597FB}.Release|x86.Build.0 = Release|x86
		{6C0E0299-C808-4EFB-98F3-8E56EAF597FB}.Staging|Any CPU.ActiveCfg = Staging|Any CPU
		{6C0E0299-C808-4EFB-98F3-8E56EAF597FB}.Staging|Any CPU.Build.0 = Staging|Any CPU
		{6C0E0299-C808-4EFB-98F3-8E56EAF597FB}.Staging|Mixed Platforms.ActiveCfg = Release|Any CPU
		{6C0E0299-C808-4EFB-98F3-8E56EAF597FB}.Staging|Mixed Platforms.Build.0 = Release|Any CPU
		{6C0E0299-C808-4EFB-98F3-8E56EAF597FB}.Staging|x64.ActiveCfg = Staging|Any CPU
		{6C0E0299-C808-4EFB-98F3-8E56EAF597FB}.Staging|x86.ActiveCfg = Staging|x86
		{777C43BB-8125-4542-8F1D-C94CC2F88BA2}.Debug|Any CPU.ActiveCfg = Debug|Any CPU
		{777C43BB-8125-4542-8F1D-C94CC2F88BA2}.Debug|Any CPU.Build.0 = Debug|Any CPU
		{777C43BB-8125-4542-8F1D-C94CC2F88BA2}.Debug|Mixed Platforms.ActiveCfg = Debug|Any CPU
		{777C43BB-8125-4542-8F1D-C94CC2F88BA2}.Debug|Mixed Platforms.Build.0 = Debug|Any CPU
		{777C43BB-8125-4542-8F1D-C94CC2F88BA2}.Debug|x64.ActiveCfg = Debug|Any CPU
		{777C43BB-8125-4542-8F1D-C94CC2F88BA2}.Debug|x64.Build.0 = Debug|Any CPU
		{777C43BB-8125-4542-8F1D-C94CC2F88BA2}.Debug|x86.ActiveCfg = Debug|x86
		{777C43BB-8125-4542-8F1D-C94CC2F88BA2}.Debug|x86.Build.0 = Debug|x86
		{777C43BB-8125-4542-8F1D-C94CC2F88BA2}.Development|Any CPU.ActiveCfg = Development|Any CPU
		{777C43BB-8125-4542-8F1D-C94CC2F88BA2}.Development|Any CPU.Build.0 = Development|Any CPU
		{777C43BB-8125-4542-8F1D-C94CC2F88BA2}.Development|Mixed Platforms.ActiveCfg = Debug|Any CPU
		{777C43BB-8125-4542-8F1D-C94CC2F88BA2}.Development|Mixed Platforms.Build.0 = Debug|Any CPU
		{777C43BB-8125-4542-8F1D-C94CC2F88BA2}.Development|x64.ActiveCfg = Development|Any CPU
		{777C43BB-8125-4542-8F1D-C94CC2F88BA2}.Development|x64.Build.0 = Development|Any CPU
		{777C43BB-8125-4542-8F1D-C94CC2F88BA2}.Development|x86.ActiveCfg = Development|x86
		{777C43BB-8125-4542-8F1D-C94CC2F88BA2}.Development|x86.Build.0 = Development|x86
		{777C43BB-8125-4542-8F1D-C94CC2F88BA2}.Production|Any CPU.ActiveCfg = Production|Any CPU
		{777C43BB-8125-4542-8F1D-C94CC2F88BA2}.Production|Any CPU.Build.0 = Production|Any CPU
		{777C43BB-8125-4542-8F1D-C94CC2F88BA2}.Production|Mixed Platforms.ActiveCfg = Release|Any CPU
		{777C43BB-8125-4542-8F1D-C94CC2F88BA2}.Production|Mixed Platforms.Build.0 = Release|Any CPU
		{777C43BB-8125-4542-8F1D-C94CC2F88BA2}.Production|x64.ActiveCfg = Production|Any CPU
		{777C43BB-8125-4542-8F1D-C94CC2F88BA2}.Production|x64.Build.0 = Production|Any CPU
		{777C43BB-8125-4542-8F1D-C94CC2F88BA2}.Production|x86.ActiveCfg = Production|x86
		{777C43BB-8125-4542-8F1D-C94CC2F88BA2}.Production|x86.Build.0 = Production|x86
		{777C43BB-8125-4542-8F1D-C94CC2F88BA2}.Release|Any CPU.ActiveCfg = Release|Any CPU
		{777C43BB-8125-4542-8F1D-C94CC2F88BA2}.Release|Any CPU.Build.0 = Release|Any CPU
		{777C43BB-8125-4542-8F1D-C94CC2F88BA2}.Release|Mixed Platforms.ActiveCfg = Release|Any CPU
		{777C43BB-8125-4542-8F1D-C94CC2F88BA2}.Release|Mixed Platforms.Build.0 = Release|Any CPU
		{777C43BB-8125-4542-8F1D-C94CC2F88BA2}.Release|x64.ActiveCfg = Release|Any CPU
		{777C43BB-8125-4542-8F1D-C94CC2F88BA2}.Release|x64.Build.0 = Release|Any CPU
		{777C43BB-8125-4542-8F1D-C94CC2F88BA2}.Release|x86.ActiveCfg = Release|x86
		{777C43BB-8125-4542-8F1D-C94CC2F88BA2}.Release|x86.Build.0 = Release|x86
		{777C43BB-8125-4542-8F1D-C94CC2F88BA2}.Staging|Any CPU.ActiveCfg = Staging|Any CPU
		{777C43BB-8125-4542-8F1D-C94CC2F88BA2}.Staging|Any CPU.Build.0 = Staging|Any CPU
		{777C43BB-8125-4542-8F1D-C94CC2F88BA2}.Staging|Mixed Platforms.ActiveCfg = Release|Any CPU
		{777C43BB-8125-4542-8F1D-C94CC2F88BA2}.Staging|Mixed Platforms.Build.0 = Release|Any CPU
		{777C43BB-8125-4542-8F1D-C94CC2F88BA2}.Staging|x64.ActiveCfg = Staging|Any CPU
		{777C43BB-8125-4542-8F1D-C94CC2F88BA2}.Staging|x86.ActiveCfg = Staging|x86
		{777C43BB-8125-4542-8F1D-C94CC2F88BA2}.Staging|x86.Build.0 = Staging|x86
		{57D36E42-E989-4658-B005-1CFCF01738F2}.Debug|Any CPU.ActiveCfg = Debug|Any CPU
		{57D36E42-E989-4658-B005-1CFCF01738F2}.Debug|Any CPU.Build.0 = Debug|Any CPU
		{57D36E42-E989-4658-B005-1CFCF01738F2}.Debug|Mixed Platforms.ActiveCfg = Debug|Any CPU
		{57D36E42-E989-4658-B005-1CFCF01738F2}.Debug|Mixed Platforms.Build.0 = Debug|Any CPU
		{57D36E42-E989-4658-B005-1CFCF01738F2}.Debug|x64.ActiveCfg = Debug|Any CPU
		{57D36E42-E989-4658-B005-1CFCF01738F2}.Debug|x64.Build.0 = Debug|Any CPU
		{57D36E42-E989-4658-B005-1CFCF01738F2}.Debug|x86.ActiveCfg = Debug|x86
		{57D36E42-E989-4658-B005-1CFCF01738F2}.Debug|x86.Build.0 = Debug|x86
		{57D36E42-E989-4658-B005-1CFCF01738F2}.Development|Any CPU.ActiveCfg = Development|Any CPU
		{57D36E42-E989-4658-B005-1CFCF01738F2}.Development|Any CPU.Build.0 = Development|Any CPU
		{57D36E42-E989-4658-B005-1CFCF01738F2}.Development|Mixed Platforms.ActiveCfg = Debug|Any CPU
		{57D36E42-E989-4658-B005-1CFCF01738F2}.Development|Mixed Platforms.Build.0 = Debug|Any CPU
		{57D36E42-E989-4658-B005-1CFCF01738F2}.Development|x64.ActiveCfg = Development|Any CPU
		{57D36E42-E989-4658-B005-1CFCF01738F2}.Development|x64.Build.0 = Development|Any CPU
		{57D36E42-E989-4658-B005-1CFCF01738F2}.Development|x86.ActiveCfg = Development|x86
		{57D36E42-E989-4658-B005-1CFCF01738F2}.Development|x86.Build.0 = Development|x86
		{57D36E42-E989-4658-B005-1CFCF01738F2}.Production|Any CPU.ActiveCfg = Production|Any CPU
		{57D36E42-E989-4658-B005-1CFCF01738F2}.Production|Any CPU.Build.0 = Production|Any CPU
		{57D36E42-E989-4658-B005-1CFCF01738F2}.Production|Mixed Platforms.ActiveCfg = Release|Any CPU
		{57D36E42-E989-4658-B005-1CFCF01738F2}.Production|Mixed Platforms.Build.0 = Release|Any CPU
		{57D36E42-E989-4658-B005-1CFCF01738F2}.Production|x64.ActiveCfg = Production|Any CPU
		{57D36E42-E989-4658-B005-1CFCF01738F2}.Production|x64.Build.0 = Production|Any CPU
		{57D36E42-E989-4658-B005-1CFCF01738F2}.Production|x86.ActiveCfg = Production|x86
		{57D36E42-E989-4658-B005-1CFCF01738F2}.Production|x86.Build.0 = Production|x86
		{57D36E42-E989-4658-B005-1CFCF01738F2}.Release|Any CPU.ActiveCfg = Release|Any CPU
		{57D36E42-E989-4658-B005-1CFCF01738F2}.Release|Any CPU.Build.0 = Release|Any CPU
		{57D36E42-E989-4658-B005-1CFCF01738F2}.Release|Mixed Platforms.ActiveCfg = Release|Any CPU
		{57D36E42-E989-4658-B005-1CFCF01738F2}.Release|Mixed Platforms.Build.0 = Release|Any CPU
		{57D36E42-E989-4658-B005-1CFCF01738F2}.Release|x64.ActiveCfg = Release|Any CPU
		{57D36E42-E989-4658-B005-1CFCF01738F2}.Release|x64.Build.0 = Release|Any CPU
		{57D36E42-E989-4658-B005-1CFCF01738F2}.Release|x86.ActiveCfg = Release|x86
		{57D36E42-E989-4658-B005-1CFCF01738F2}.Release|x86.Build.0 = Release|x86
		{57D36E42-E989-4658-B005-1CFCF01738F2}.Staging|Any CPU.ActiveCfg = Staging|Any CPU
		{57D36E42-E989-4658-B005-1CFCF01738F2}.Staging|Any CPU.Build.0 = Staging|Any CPU
		{57D36E42-E989-4658-B005-1CFCF01738F2}.Staging|Mixed Platforms.ActiveCfg = Release|Any CPU
		{57D36E42-E989-4658-B005-1CFCF01738F2}.Staging|Mixed Platforms.Build.0 = Release|Any CPU
		{57D36E42-E989-4658-B005-1CFCF01738F2}.Staging|x64.ActiveCfg = Staging|Any CPU
		{57D36E42-E989-4658-B005-1CFCF01738F2}.Staging|x86.ActiveCfg = Staging|x86
	EndGlobalSection
	GlobalSection(SolutionProperties) = preSolution
		HideSolutionNode = FALSE
	EndGlobalSection
	GlobalSection(NestedProjects) = preSolution
		{82115346-C759-4DA2-A4BA-5BE4387C0FA8} = {48FDE12C-8A21-487C-A48E-09C131828D2B}
		{C1C0A0F3-DDC1-4D36-B4B9-68165331B8A2} = {A6D172B4-E35F-4D00-9561-939C7612A3C8}
		{5859B12D-8763-44FB-B642-7DBF5E1A4744} = {3E6C9A6E-6711-4E4E-B8E6-F1CAC1E96320}
		{7E81668D-0FF7-44E2-B73C-AD23B400E30A} = {034F5685-69A9-4990-BE9F-ACA9D209B7B4}
		{6554F8DD-63AC-4973-91AE-4D87F2C8BE02} = {10EFBCCB-7FD1-469D-8C0D-72ABCC33A7CD}
		{07462B1F-78F3-45BF-A82C-FB19A7B9AABA} = {2F64B2D5-9013-484A-84CE-1DCA4A607665}
		{88E2A6B3-94EF-4D00-BEE7-FF006789777A} = {7DD215C7-ECDA-40E9-8DFE-6AAA4C0E2F81}
		{A991566E-53A1-4768-B057-42F58088A800} = {19561D7B-20E1-400E-A7C7-1DC7A3D386BD}
		{691205CF-9BAD-4FB2-ACE4-0304C170CAB7} = {FB807CAE-FA89-4680-973D-3A3FD63DCDCD}
		{6C0E0299-C808-4EFB-98F3-8E56EAF597FB} = {BA2895C9-F6A1-4362-9AB9-3C09F83CC919}
		{777C43BB-8125-4542-8F1D-C94CC2F88BA2} = {A530993F-9997-4B32-B31E-0C13DC91E059}
		{57D36E42-E989-4658-B005-1CFCF01738F2} = {A530993F-9997-4B32-B31E-0C13DC91E059}
	EndGlobalSection
EndGlobal
